[root]
name = "sfml"
version = "0.0.1"
dependencies = [
 "sfml 0.14.0 (git+https://github.com/jeremyletang/rust-sfml.git)",
]

[[package]]
name = "bitflags"
version = "1.0.1"
source = "registry+https://github.com/rust-lang/crates.io-index"

[[package]]
name = "csfml-audio-sys"
version = "0.4.0"
source = "git+https://github.com/jeremyletang/rust-sfml.git#eb7f0d484023a0b4a1e41fb6c9c0b48e14b191f9"
dependencies = [
 "csfml-system-sys 0.4.0 (git+https://github.com/jeremyletang/rust-sfml.git)",
 "sfml-build 0.2.0 (git+https://github.com/jeremyletang/rust-sfml.git)",
]

[[package]]
name = "csfml-graphics-sys"
version = "0.4.0"
source = "git+https://github.com/jeremyletang/rust-sfml.git#eb7f0d484023a0b4a1e41fb6c9c0b48e14b191f9"
dependencies = [
 "csfml-system-sys 0.4.0 (git+https://github.com/jeremyletang/rust-sfml.git)",
 "csfml-window-sys 0.4.0 (git+https://github.com/jeremyletang/rust-sfml.git)",
 "sfml-build 0.2.0 (git+https://github.com/jeremyletang/rust-sfml.git)",
]

[[package]]
name = "csfml-system-sys"
version = "0.4.0"
source = "git+https://github.com/jeremyletang/rust-sfml.git#eb7f0d484023a0b4a1e41fb6c9c0b48e14b191f9"
dependencies = [
 "sfml-build 0.2.0 (git+https://github.com/jeremyletang/rust-sfml.git)",
]

[[package]]
name = "csfml-window-sys"
version = "0.4.0"
source = "git+https://github.com/jeremyletang/rust-sfml.git#eb7f0d484023a0b4a1e41fb6c9c0b48e14b191f9"
dependencies = [
 "csfml-system-sys 0.4.0 (git+https://github.com/jeremyletang/rust-sfml.git)",
 "sfml-build 0.2.0 (git+https://github.com/jeremyletang/rust-sfml.git)",
]

[[package]]
name = "sfml"
version = "0.14.0"
source = "git+https://github.com/jeremyletang/rust-sfml.git#eb7f0d484023a0b4a1e41fb6c9c0b48e14b191f9"
dependencies = [
 "bitflags 1.0.1 (registry+https://github.com/rust-lang/crates.io-index)",
 "csfml-audio-sys 0.4.0 (git+https://github.com/jeremyletang/rust-sfml.git)",
 "csfml-graphics-sys 0.4.0 (git+https://github.com/jeremyletang/rust-sfml.git)",
 "csfml-system-sys 0.4.0 (git+https://github.com/jeremyletang/rust-sfml.git)",
 "csfml-window-sys 0.4.0 (git+https://github.com/jeremyletang/rust-sfml.git)",
]

[[package]]
name = "sfml-build"
version = "0.2.0"
source = "git+https://github.com/jeremyletang/rust-sfml.git#eb7f0d484023a0b4a1e41fb6c9c0b48e14b191f9"

[metadata]
"checksum bitflags 1.0.1 (registry+https://github.com/rust-lang/crates.io-index)" = "b3c30d3802dfb7281680d6285f2ccdaa8c2d8fee41f93805dba5c4cf50dc23cf"
"checksum csfml-audio-sys 0.4.0 (git+https://github.com/jeremyletang/rust-sfml.git)" = "<none>"
"checksum csfml-graphics-sys 0.4.0 (git+https://github.com/jeremyletang/rust-sfml.git)" = "<none>"
"checksum csfml-system-sys 0.4.0 (git+https://github.com/jeremyletang/rust-sfml.git)" = "<none>"
"checksum csfml-window-sys 0.4.0 (git+https://github.com/jeremyletang/rust-sfml.git)" = "<none>"
"checksum sfml 0.14.0 (git+https://github.com/jeremyletang/rust-sfml.git)" = "<none>"
"checksum sfml-build 0.2.0 (git+https://github.com/jeremyletang/rust-sfml.git)" = "<none>"
